// !$*UTF8*$!
{
	archiveVersion = 1;
	classes = {
	};
	objectVersion = 56;
	objects = {

/* Begin PBXBuildFile section */
		F752C9672AF1936300C74689 /* NetworkManager.swift in Sources */ = {isa = PBXBuildFile; fileRef = F752C9662AF1936300C74689 /* NetworkManager.swift */; };
		F752C96A2AF193BF00C74689 /* String+Extension.swift in Sources */ = {isa = PBXBuildFile; fileRef = F752C9692AF193BF00C74689 /* String+Extension.swift */; };
		F752C96C2AF1943700C74689 /* ApiError.swift in Sources */ = {isa = PBXBuildFile; fileRef = F752C96B2AF1943700C74689 /* ApiError.swift */; };
		F752C96E2AF1945D00C74689 /* ApiResponse.swift in Sources */ = {isa = PBXBuildFile; fileRef = F752C96D2AF1945D00C74689 /* ApiResponse.swift */; };
		F752C9712AF196C000C74689 /* NewsModel.swift in Sources */ = {isa = PBXBuildFile; fileRef = F752C9702AF196C000C74689 /* NewsModel.swift */; };
		F752C9732AF198DC00C74689 /* NetworkService.swift in Sources */ = {isa = PBXBuildFile; fileRef = F752C9722AF198DC00C74689 /* NetworkService.swift */; };
		F752C9772AF2187800C74689 /* SliderCollectionViewCell.swift in Sources */ = {isa = PBXBuildFile; fileRef = F752C9752AF2187800C74689 /* SliderCollectionViewCell.swift */; };
		F752C9782AF2187800C74689 /* SliderCollectionViewCell.xib in Resources */ = {isa = PBXBuildFile; fileRef = F752C9762AF2187800C74689 /* SliderCollectionViewCell.xib */; };
		F752C97D2AF218A500C74689 /* NewsCollectionViewCell.swift in Sources */ = {isa = PBXBuildFile; fileRef = F752C97B2AF218A500C74689 /* NewsCollectionViewCell.swift */; };
		F752C97E2AF218A500C74689 /* NewsCollectionViewCell.xib in Resources */ = {isa = PBXBuildFile; fileRef = F752C97C2AF218A500C74689 /* NewsCollectionViewCell.xib */; };
		F752C9802AF21A1F00C74689 /* UICollectionView+Extension.swift in Sources */ = {isa = PBXBuildFile; fileRef = F752C97F2AF21A1F00C74689 /* UICollectionView+Extension.swift */; };
		F752C9822AF21A4900C74689 /* UITableView+Extension.swift in Sources */ = {isa = PBXBuildFile; fileRef = F752C9812AF21A4900C74689 /* UITableView+Extension.swift */; };
		F752C9852AF21C4E00C74689 /* RxCocoa in Frameworks */ = {isa = PBXBuildFile; productRef = F752C9842AF21C4E00C74689 /* RxCocoa */; };
		F752C9872AF21C4E00C74689 /* RxRelay in Frameworks */ = {isa = PBXBuildFile; productRef = F752C9862AF21C4E00C74689 /* RxRelay */; };
		F752C9892AF21C4E00C74689 /* RxSwift in Frameworks */ = {isa = PBXBuildFile; productRef = F752C9882AF21C4E00C74689 /* RxSwift */; };
		F752C98C2AF21D0B00C74689 /* RxDataSources in Frameworks */ = {isa = PBXBuildFile; productRef = F752C98B2AF21D0B00C74689 /* RxDataSources */; };
		F752C98E2AF21E1600C74689 /* HomeViewModel.swift in Sources */ = {isa = PBXBuildFile; fileRef = F752C98D2AF21E1600C74689 /* HomeViewModel.swift */; };
		F7D38E502AF0BBA200FA1E98 /* AppDelegate.swift in Sources */ = {isa = PBXBuildFile; fileRef = F7D38E4F2AF0BBA200FA1E98 /* AppDelegate.swift */; };
		F7D38E522AF0BBA200FA1E98 /* SceneDelegate.swift in Sources */ = {isa = PBXBuildFile; fileRef = F7D38E512AF0BBA200FA1E98 /* SceneDelegate.swift */; };
		F7D38E542AF0BBA200FA1E98 /* ViewController.swift in Sources */ = {isa = PBXBuildFile; fileRef = F7D38E532AF0BBA200FA1E98 /* ViewController.swift */; };
		F7D38E592AF0BBA300FA1E98 /* Assets.xcassets in Resources */ = {isa = PBXBuildFile; fileRef = F7D38E582AF0BBA300FA1E98 /* Assets.xcassets */; };
		F7D38E5C2AF0BBA300FA1E98 /* LaunchScreen.storyboard in Resources */ = {isa = PBXBuildFile; fileRef = F7D38E5A2AF0BBA300FA1E98 /* LaunchScreen.storyboard */; };
		F7D38E722AF0C76F00FA1E98 /* TabBarVC.swift in Sources */ = {isa = PBXBuildFile; fileRef = F7D38E712AF0C76F00FA1E98 /* TabBarVC.swift */; };
		F7D38E752AF0C7A600FA1E98 /* HomeViewController.swift in Sources */ = {isa = PBXBuildFile; fileRef = F7D38E732AF0C7A600FA1E98 /* HomeViewController.swift */; };
		F7D38E762AF0C7A600FA1E98 /* HomeViewController.xib in Resources */ = {isa = PBXBuildFile; fileRef = F7D38E742AF0C7A600FA1E98 /* HomeViewController.xib */; };
		F7D38E792AF0C7BE00FA1E98 /* FavoriteViewController.swift in Sources */ = {isa = PBXBuildFile; fileRef = F7D38E772AF0C7BE00FA1E98 /* FavoriteViewController.swift */; };
		F7D38E7A2AF0C7BE00FA1E98 /* FavoriteViewController.xib in Resources */ = {isa = PBXBuildFile; fileRef = F7D38E782AF0C7BE00FA1E98 /* FavoriteViewController.xib */; };
		F7D38E7C2AF0C7D100FA1E98 /* SearchViewController.swift in Sources */ = {isa = PBXBuildFile; fileRef = F7D38E7B2AF0C7D100FA1E98 /* SearchViewController.swift */; };
		F7D38E812AF0C83300FA1E98 /* AccountViewController.swift in Sources */ = {isa = PBXBuildFile; fileRef = F7D38E7F2AF0C83300FA1E98 /* AccountViewController.swift */; };
		F7D38E822AF0C83300FA1E98 /* AccountViewController.xib in Resources */ = {isa = PBXBuildFile; fileRef = F7D38E802AF0C83300FA1E98 /* AccountViewController.xib */; };
		F7D38E852AF0CB7100FA1E98 /* Methods.swift in Sources */ = {isa = PBXBuildFile; fileRef = F7D38E842AF0CB7100FA1E98 /* Methods.swift */; };
		F7D38E872AF0CB8A00FA1E98 /* EndPoint.swift in Sources */ = {isa = PBXBuildFile; fileRef = F7D38E862AF0CB8900FA1E98 /* EndPoint.swift */; };
		F7F981A52AF2FCE200B32878 /* NewsDataSource.swift in Sources */ = {isa = PBXBuildFile; fileRef = F7F981A42AF2FCE200B32878 /* NewsDataSource.swift */; };
		F7F981A92AF3149F00B32878 /* SDWebImage in Frameworks */ = {isa = PBXBuildFile; productRef = F7F981A82AF3149F00B32878 /* SDWebImage */; };
		F7F981AC2AF349C700B32878 /* HeaderCollectionReusableView.swift in Sources */ = {isa = PBXBuildFile; fileRef = F7F981AB2AF349C700B32878 /* HeaderCollectionReusableView.swift */; };
		F7F981AF2AF37CF600B32878 /* SliderDetailsCollectionViewCell.swift in Sources */ = {isa = PBXBuildFile; fileRef = F7F981AD2AF37CF600B32878 /* SliderDetailsCollectionViewCell.swift */; };
		F7F981B02AF37CF600B32878 /* SliderDetailsCollectionViewCell.xib in Resources */ = {isa = PBXBuildFile; fileRef = F7F981AE2AF37CF600B32878 /* SliderDetailsCollectionViewCell.xib */; };
/* End PBXBuildFile section */

/* Begin PBXFileReference section */
		F752C9662AF1936300C74689 /* NetworkManager.swift */ = {isa = PBXFileReference; lastKnownFileType = sourcecode.swift; path = NetworkManager.swift; sourceTree = "<group>"; };
		F752C9692AF193BF00C74689 /* String+Extension.swift */ = {isa = PBXFileReference; lastKnownFileType = sourcecode.swift; path = "String+Extension.swift"; sourceTree = "<group>"; };
		F752C96B2AF1943700C74689 /* ApiError.swift */ = {isa = PBXFileReference; lastKnownFileType = sourcecode.swift; path = ApiError.swift; sourceTree = "<group>"; };
		F752C96D2AF1945D00C74689 /* ApiResponse.swift */ = {isa = PBXFileReference; lastKnownFileType = sourcecode.swift; path = ApiResponse.swift; sourceTree = "<group>"; };
		F752C9702AF196C000C74689 /* NewsModel.swift */ = {isa = PBXFileReference; lastKnownFileType = sourcecode.swift; path = NewsModel.swift; sourceTree = "<group>"; };
		F752C9722AF198DC00C74689 /* NetworkService.swift */ = {isa = PBXFileReference; lastKnownFileType = sourcecode.swift; path = NetworkService.swift; sourceTree = "<group>"; };
		F752C9752AF2187800C74689 /* SliderCollectionViewCell.swift */ = {isa = PBXFileReference; lastKnownFileType = sourcecode.swift; path = SliderCollectionViewCell.swift; sourceTree = "<group>"; };
		F752C9762AF2187800C74689 /* SliderCollectionViewCell.xib */ = {isa = PBXFileReference; lastKnownFileType = file.xib; path = SliderCollectionViewCell.xib; sourceTree = "<group>"; };
		F752C97B2AF218A500C74689 /* NewsCollectionViewCell.swift */ = {isa = PBXFileReference; lastKnownFileType = sourcecode.swift; path = NewsCollectionViewCell.swift; sourceTree = "<group>"; };
		F752C97C2AF218A500C74689 /* NewsCollectionViewCell.xib */ = {isa = PBXFileReference; lastKnownFileType = file.xib; path = NewsCollectionViewCell.xib; sourceTree = "<group>"; };
		F752C97F2AF21A1F00C74689 /* UICollectionView+Extension.swift */ = {isa = PBXFileReference; lastKnownFileType = sourcecode.swift; path = "UICollectionView+Extension.swift"; sourceTree = "<group>"; };
		F752C9812AF21A4900C74689 /* UITableView+Extension.swift */ = {isa = PBXFileReference; lastKnownFileType = sourcecode.swift; path = "UITableView+Extension.swift"; sourceTree = "<group>"; };
		F752C98D2AF21E1600C74689 /* HomeViewModel.swift */ = {isa = PBXFileReference; lastKnownFileType = sourcecode.swift; path = HomeViewModel.swift; sourceTree = "<group>"; };
		F7D38E4C2AF0BBA200FA1E98 /* NEWSApp.app */ = {isa = PBXFileReference; explicitFileType = wrapper.application; includeInIndex = 0; path = NEWSApp.app; sourceTree = BUILT_PRODUCTS_DIR; };
		F7D38E4F2AF0BBA200FA1E98 /* AppDelegate.swift */ = {isa = PBXFileReference; lastKnownFileType = sourcecode.swift; path = AppDelegate.swift; sourceTree = "<group>"; };
		F7D38E512AF0BBA200FA1E98 /* SceneDelegate.swift */ = {isa = PBXFileReference; lastKnownFileType = sourcecode.swift; path = SceneDelegate.swift; sourceTree = "<group>"; };
		F7D38E532AF0BBA200FA1E98 /* ViewController.swift */ = {isa = PBXFileReference; lastKnownFileType = sourcecode.swift; path = ViewController.swift; sourceTree = "<group>"; };
		F7D38E582AF0BBA300FA1E98 /* Assets.xcassets */ = {isa = PBXFileReference; lastKnownFileType = folder.assetcatalog; path = Assets.xcassets; sourceTree = "<group>"; };
		F7D38E5B2AF0BBA300FA1E98 /* Base */ = {isa = PBXFileReference; lastKnownFileType = file.storyboard; name = Base; path = Base.lproj/LaunchScreen.storyboard; sourceTree = "<group>"; };
		F7D38E5D2AF0BBA300FA1E98 /* Info.plist */ = {isa = PBXFileReference; lastKnownFileType = text.plist.xml; path = Info.plist; sourceTree = "<group>"; };
		F7D38E712AF0C76F00FA1E98 /* TabBarVC.swift */ = {isa = PBXFileReference; lastKnownFileType = sourcecode.swift; path = TabBarVC.swift; sourceTree = "<group>"; };
		F7D38E732AF0C7A600FA1E98 /* HomeViewController.swift */ = {isa = PBXFileReference; lastKnownFileType = sourcecode.swift; path = HomeViewController.swift; sourceTree = "<group>"; };
		F7D38E742AF0C7A600FA1E98 /* HomeViewController.xib */ = {isa = PBXFileReference; lastKnownFileType = file.xib; path = HomeViewController.xib; sourceTree = "<group>"; };
		F7D38E772AF0C7BE00FA1E98 /* FavoriteViewController.swift */ = {isa = PBXFileReference; lastKnownFileType = sourcecode.swift; path = FavoriteViewController.swift; sourceTree = "<group>"; };
		F7D38E782AF0C7BE00FA1E98 /* FavoriteViewController.xib */ = {isa = PBXFileReference; lastKnownFileType = file.xib; path = FavoriteViewController.xib; sourceTree = "<group>"; };
		F7D38E7B2AF0C7D100FA1E98 /* SearchViewController.swift */ = {isa = PBXFileReference; lastKnownFileType = sourcecode.swift; path = SearchViewController.swift; sourceTree = "<group>"; };
		F7D38E7F2AF0C83300FA1E98 /* AccountViewController.swift */ = {isa = PBXFileReference; lastKnownFileType = sourcecode.swift; path = AccountViewController.swift; sourceTree = "<group>"; };
		F7D38E802AF0C83300FA1E98 /* AccountViewController.xib */ = {isa = PBXFileReference; lastKnownFileType = file.xib; path = AccountViewController.xib; sourceTree = "<group>"; };
		F7D38E842AF0CB7100FA1E98 /* Methods.swift */ = {isa = PBXFileReference; lastKnownFileType = sourcecode.swift; path = Methods.swift; sourceTree = "<group>"; };
		F7D38E862AF0CB8900FA1E98 /* EndPoint.swift */ = {isa = PBXFileReference; lastKnownFileType = sourcecode.swift; path = EndPoint.swift; sourceTree = "<group>"; };
		F7F981A42AF2FCE200B32878 /* NewsDataSource.swift */ = {isa = PBXFileReference; lastKnownFileType = sourcecode.swift; path = NewsDataSource.swift; sourceTree = "<group>"; };
		F7F981AB2AF349C700B32878 /* HeaderCollectionReusableView.swift */ = {isa = PBXFileReference; lastKnownFileType = sourcecode.swift; path = HeaderCollectionReusableView.swift; sourceTree = "<group>"; };
		F7F981AD2AF37CF600B32878 /* SliderDetailsCollectionViewCell.swift */ = {isa = PBXFileReference; lastKnownFileType = sourcecode.swift; path = SliderDetailsCollectionViewCell.swift; sourceTree = "<group>"; };
		F7F981AE2AF37CF600B32878 /* SliderDetailsCollectionViewCell.xib */ = {isa = PBXFileReference; lastKnownFileType = file.xib; path = SliderDetailsCollectionViewCell.xib; sourceTree = "<group>"; };
/* End PBXFileReference section */

/* Begin PBXFrameworksBuildPhase section */
		F7D38E492AF0BBA200FA1E98 /* Frameworks */ = {
			isa = PBXFrameworksBuildPhase;
			buildActionMask = 2147483647;
			files = (
				F752C9892AF21C4E00C74689 /* RxSwift in Frameworks */,
				F752C98C2AF21D0B00C74689 /* RxDataSources in Frameworks */,
				F752C9872AF21C4E00C74689 /* RxRelay in Frameworks */,
				F752C9852AF21C4E00C74689 /* RxCocoa in Frameworks */,
				F7F981A92AF3149F00B32878 /* SDWebImage in Frameworks */,
			);
			runOnlyForDeploymentPostprocessing = 0;
		};
/* End PBXFrameworksBuildPhase section */

/* Begin PBXGroup section */
		F752C9682AF1938E00C74689 /* Extension */ = {
			isa = PBXGroup;
			children = (
				F752C9692AF193BF00C74689 /* String+Extension.swift */,
				F752C97F2AF21A1F00C74689 /* UICollectionView+Extension.swift */,
				F752C9812AF21A4900C74689 /* UITableView+Extension.swift */,
			);
			path = Extension;
			sourceTree = "<group>";
		};
		F752C96F2AF196AA00C74689 /* Model */ = {
			isa = PBXGroup;
			children = (
				F752C9702AF196C000C74689 /* NewsModel.swift */,
				F7F981A42AF2FCE200B32878 /* NewsDataSource.swift */,
			);
			path = Model;
			sourceTree = "<group>";
		};
		F752C9742AF2185B00C74689 /* Cell */ = {
			isa = PBXGroup;
			children = (
				F7F981AA2AF349A800B32878 /* Header */,
				F752C97A2AF2189200C74689 /* News */,
				F752C9792AF2188700C74689 /* Slider */,
			);
			path = Cell;
			sourceTree = "<group>";
		};
		F752C9792AF2188700C74689 /* Slider */ = {
			isa = PBXGroup;
			children = (
				F752C9752AF2187800C74689 /* SliderCollectionViewCell.swift */,
				F752C9762AF2187800C74689 /* SliderCollectionViewCell.xib */,
				F7F981AD2AF37CF600B32878 /* SliderDetailsCollectionViewCell.swift */,
				F7F981AE2AF37CF600B32878 /* SliderDetailsCollectionViewCell.xib */,
			);
			path = Slider;
			sourceTree = "<group>";
		};
		F752C97A2AF2189200C74689 /* News */ = {
			isa = PBXGroup;
			children = (
				F752C97B2AF218A500C74689 /* NewsCollectionViewCell.swift */,
				F752C97C2AF218A500C74689 /* NewsCollectionViewCell.xib */,
			);
			path = News;
			sourceTree = "<group>";
		};
		F7D38E432AF0BBA200FA1E98 = {
			isa = PBXGroup;
			children = (
				F7D38E4E2AF0BBA200FA1E98 /* NEWSApp */,
				F7D38E4D2AF0BBA200FA1E98 /* Products */,
			);
			sourceTree = "<group>";
		};
		F7D38E4D2AF0BBA200FA1E98 /* Products */ = {
			isa = PBXGroup;
			children = (
				F7D38E4C2AF0BBA200FA1E98 /* NEWSApp.app */,
			);
			name = Products;
			sourceTree = "<group>";
		};
		F7D38E4E2AF0BBA200FA1E98 /* NEWSApp */ = {
			isa = PBXGroup;
			children = (
				F752C9682AF1938E00C74689 /* Extension */,
				F7D38E642AF0C4D300FA1E98 /* Resources */,
				F7D38E632AF0C47900FA1E98 /* AppDelegate */,
				F7D38E832AF0CAE700FA1E98 /* Network */,
				F752C96F2AF196AA00C74689 /* Model */,
				F7D38E652AF0C56900FA1E98 /* Modules */,
				F7D38E532AF0BBA200FA1E98 /* ViewController.swift */,
				F7D38E5A2AF0BBA300FA1E98 /* LaunchScreen.storyboard */,
				F7D38E582AF0BBA300FA1E98 /* Assets.xcassets */,
				F7D38E5D2AF0BBA300FA1E98 /* Info.plist */,
			);
			path = NEWSApp;
			sourceTree = "<group>";
		};
		F7D38E632AF0C47900FA1E98 /* AppDelegate */ = {
			isa = PBXGroup;
			children = (
				F7D38E4F2AF0BBA200FA1E98 /* AppDelegate.swift */,
				F7D38E512AF0BBA200FA1E98 /* SceneDelegate.swift */,
			);
			path = AppDelegate;
			sourceTree = "<group>";
		};
		F7D38E642AF0C4D300FA1E98 /* Resources */ = {
			isa = PBXGroup;
			children = (
			);
			path = Resources;
			sourceTree = "<group>";
		};
		F7D38E652AF0C56900FA1E98 /* Modules */ = {
			isa = PBXGroup;
			children = (
				F7D38E702AF0C72200FA1E98 /* TabBar */,
				F7D38E6F2AF0C6FB00FA1E98 /* Account */,
				F7D38E6C2AF0C66F00FA1E98 /* Search */,
				F7D38E692AF0C65100FA1E98 /* Favorite */,
				F7D38E662AF0C58600FA1E98 /* Home */,
			);
			path = Modules;
			sourceTree = "<group>";
		};
		F7D38E662AF0C58600FA1E98 /* Home */ = {
			isa = PBXGroup;
			children = (
				F7D38E682AF0C5BC00FA1E98 /* ViewModel */,
				F7D38E672AF0C58D00FA1E98 /* View */,
			);
			path = Home;
			sourceTree = "<group>";
		};
		F7D38E672AF0C58D00FA1E98 /* View */ = {
			isa = PBXGroup;
			children = (
				F752C9742AF2185B00C74689 /* Cell */,
				F7D38E732AF0C7A600FA1E98 /* HomeViewController.swift */,
				F7D38E742AF0C7A600FA1E98 /* HomeViewController.xib */,
			);
			path = View;
			sourceTree = "<group>";
		};
		F7D38E682AF0C5BC00FA1E98 /* ViewModel */ = {
			isa = PBXGroup;
			children = (
				F752C98D2AF21E1600C74689 /* HomeViewModel.swift */,
			);
			path = ViewModel;
			sourceTree = "<group>";
		};
		F7D38E692AF0C65100FA1E98 /* Favorite */ = {
			isa = PBXGroup;
			children = (
				F7D38E6B2AF0C66600FA1E98 /* ViewModel */,
				F7D38E6A2AF0C66100FA1E98 /* View */,
			);
			path = Favorite;
			sourceTree = "<group>";
		};
		F7D38E6A2AF0C66100FA1E98 /* View */ = {
			isa = PBXGroup;
			children = (
				F7D38E772AF0C7BE00FA1E98 /* FavoriteViewController.swift */,
				F7D38E782AF0C7BE00FA1E98 /* FavoriteViewController.xib */,
			);
			path = View;
			sourceTree = "<group>";
		};
		F7D38E6B2AF0C66600FA1E98 /* ViewModel */ = {
			isa = PBXGroup;
			children = (
			);
			path = ViewModel;
			sourceTree = "<group>";
		};
		F7D38E6C2AF0C66F00FA1E98 /* Search */ = {
			isa = PBXGroup;
			children = (
				F7D38E6E2AF0C67D00FA1E98 /* ViewModel */,
				F7D38E6D2AF0C67600FA1E98 /* View */,
			);
			path = Search;
			sourceTree = "<group>";
		};
		F7D38E6D2AF0C67600FA1E98 /* View */ = {
			isa = PBXGroup;
			children = (
				F7D38E7B2AF0C7D100FA1E98 /* SearchViewController.swift */,
			);
			path = View;
			sourceTree = "<group>";
		};
		F7D38E6E2AF0C67D00FA1E98 /* ViewModel */ = {
			isa = PBXGroup;
			children = (
			);
			path = ViewModel;
			sourceTree = "<group>";
		};
		F7D38E6F2AF0C6FB00FA1E98 /* Account */ = {
			isa = PBXGroup;
			children = (
				F7D38E7E2AF0C81F00FA1E98 /* ViewModel */,
				F7D38E7D2AF0C81800FA1E98 /* View */,
			);
			path = Account;
			sourceTree = "<group>";
		};
		F7D38E702AF0C72200FA1E98 /* TabBar */ = {
			isa = PBXGroup;
			children = (
				F7D38E712AF0C76F00FA1E98 /* TabBarVC.swift */,
			);
			path = TabBar;
			sourceTree = "<group>";
		};
		F7D38E7D2AF0C81800FA1E98 /* View */ = {
			isa = PBXGroup;
			children = (
				F7D38E7F2AF0C83300FA1E98 /* AccountViewController.swift */,
				F7D38E802AF0C83300FA1E98 /* AccountViewController.xib */,
			);
			path = View;
			sourceTree = "<group>";
		};
		F7D38E7E2AF0C81F00FA1E98 /* ViewModel */ = {
			isa = PBXGroup;
			children = (
			);
			path = ViewModel;
			sourceTree = "<group>";
		};
		F7D38E832AF0CAE700FA1E98 /* Network */ = {
			isa = PBXGroup;
			children = (
				F752C9722AF198DC00C74689 /* NetworkService.swift */,
				F752C9662AF1936300C74689 /* NetworkManager.swift */,
				F7D38E842AF0CB7100FA1E98 /* Methods.swift */,
				F7D38E862AF0CB8900FA1E98 /* EndPoint.swift */,
				F752C96B2AF1943700C74689 /* ApiError.swift */,
				F752C96D2AF1945D00C74689 /* ApiResponse.swift */,
			);
			path = Network;
			sourceTree = "<group>";
		};
		F7F981AA2AF349A800B32878 /* Header */ = {
			isa = PBXGroup;
			children = (
				F7F981AB2AF349C700B32878 /* HeaderCollectionReusableView.swift */,
			);
			path = Header;
			sourceTree = "<group>";
		};
/* End PBXGroup section */

/* Begin PBXNativeTarget section */
		F7D38E4B2AF0BBA200FA1E98 /* NEWSApp */ = {
			isa = PBXNativeTarget;
			buildConfigurationList = F7D38E602AF0BBA300FA1E98 /* Build configuration list for PBXNativeTarget "NEWSApp" */;
			buildPhases = (
				F7D38E482AF0BBA200FA1E98 /* Sources */,
				F7D38E492AF0BBA200FA1E98 /* Frameworks */,
				F7D38E4A2AF0BBA200FA1E98 /* Resources */,
			);
			buildRules = (
			);
			dependencies = (
			);
			name = NEWSApp;
			packageProductDependencies = (
				F752C9842AF21C4E00C74689 /* RxCocoa */,
				F752C9862AF21C4E00C74689 /* RxRelay */,
				F752C9882AF21C4E00C74689 /* RxSwift */,
				F752C98B2AF21D0B00C74689 /* RxDataSources */,
				F7F981A82AF3149F00B32878 /* SDWebImage */,
			);
			productName = NEWSApp;
			productReference = F7D38E4C2AF0BBA200FA1E98 /* NEWSApp.app */;
			productType = "com.apple.product-type.application";
		};
/* End PBXNativeTarget section */

/* Begin PBXProject section */
		F7D38E442AF0BBA200FA1E98 /* Project object */ = {
			isa = PBXProject;
			attributes = {
				BuildIndependentTargetsInParallel = 1;
				LastSwiftUpdateCheck = 1410;
				LastUpgradeCheck = 1410;
				TargetAttributes = {
					F7D38E4B2AF0BBA200FA1E98 = {
						CreatedOnToolsVersion = 14.1;
					};
				};
			};
			buildConfigurationList = F7D38E472AF0BBA200FA1E98 /* Build configuration list for PBXProject "NEWSApp" */;
			compatibilityVersion = "Xcode 14.0";
			developmentRegion = en;
			hasScannedForEncodings = 0;
			knownRegions = (
				en,
				Base,
			);
			mainGroup = F7D38E432AF0BBA200FA1E98;
			packageReferences = (
				F752C9832AF21C4E00C74689 /* XCRemoteSwiftPackageReference "RxSwift" */,
				F752C98A2AF21D0B00C74689 /* XCRemoteSwiftPackageReference "RxDataSources" */,
				F7F981A72AF3149F00B32878 /* XCRemoteSwiftPackageReference "SDWebImage" */,
			);
			productRefGroup = F7D38E4D2AF0BBA200FA1E98 /* Products */;
			projectDirPath = "";
			projectRoot = "";
			targets = (
				F7D38E4B2AF0BBA200FA1E98 /* NEWSApp */,
			);
		};
/* End PBXProject section */

/* Begin PBXResourcesBuildPhase section */
		F7D38E4A2AF0BBA200FA1E98 /* Resources */ = {
			isa = PBXResourcesBuildPhase;
			buildActionMask = 2147483647;
			files = (
				F752C97E2AF218A500C74689 /* NewsCollectionViewCell.xib in Resources */,
				F7D38E5C2AF0BBA300FA1E98 /* LaunchScreen.storyboard in Resources */,
				F7D38E592AF0BBA300FA1E98 /* Assets.xcassets in Resources */,
				F7D38E7A2AF0C7BE00FA1E98 /* FavoriteViewController.xib in Resources */,
				F7F981B02AF37CF600B32878 /* SliderDetailsCollectionViewCell.xib in Resources */,
				F7D38E762AF0C7A600FA1E98 /* HomeViewController.xib in Resources */,
				F7D38E822AF0C83300FA1E98 /* AccountViewController.xib in Resources */,
				F752C9782AF2187800C74689 /* SliderCollectionViewCell.xib in Resources */,
			);
			runOnlyForDeploymentPostprocessing = 0;
		};
/* End PBXResourcesBuildPhase section */

/* Begin PBXSourcesBuildPhase section */
		F7D38E482AF0BBA200FA1E98 /* Sources */ = {
			isa = PBXSourcesBuildPhase;
			buildActionMask = 2147483647;
			files = (
				F7D38E752AF0C7A600FA1E98 /* HomeViewController.swift in Sources */,
				F7D38E852AF0CB7100FA1E98 /* Methods.swift in Sources */,
				F7D38E872AF0CB8A00FA1E98 /* EndPoint.swift in Sources */,
				F752C96E2AF1945D00C74689 /* ApiResponse.swift in Sources */,
				F7D38E7C2AF0C7D100FA1E98 /* SearchViewController.swift in Sources */,
				F7F981AC2AF349C700B32878 /* HeaderCollectionReusableView.swift in Sources */,
				F752C96A2AF193BF00C74689 /* String+Extension.swift in Sources */,
				F752C9772AF2187800C74689 /* SliderCollectionViewCell.swift in Sources */,
				F7F981AF2AF37CF600B32878 /* SliderDetailsCollectionViewCell.swift in Sources */,
				F752C9822AF21A4900C74689 /* UITableView+Extension.swift in Sources */,
				F752C97D2AF218A500C74689 /* NewsCollectionViewCell.swift in Sources */,
				F752C9672AF1936300C74689 /* NetworkManager.swift in Sources */,
				F7D38E812AF0C83300FA1E98 /* AccountViewController.swift in Sources */,
				F7D38E542AF0BBA200FA1E98 /* ViewController.swift in Sources */,
				F752C9712AF196C000C74689 /* NewsModel.swift in Sources */,
				F752C9732AF198DC00C74689 /* NetworkService.swift in Sources */,
				F7D38E502AF0BBA200FA1E98 /* AppDelegate.swift in Sources */,
				F7D38E722AF0C76F00FA1E98 /* TabBarVC.swift in Sources */,
				F752C98E2AF21E1600C74689 /* HomeViewModel.swift in Sources */,
				F7F981A52AF2FCE200B32878 /* NewsDataSource.swift in Sources */,
				F7D38E792AF0C7BE00FA1E98 /* FavoriteViewController.swift in Sources */,
				F752C9802AF21A1F00C74689 /* UICollectionView+Extension.swift in Sources */,
				F752C96C2AF1943700C74689 /* ApiError.swift in Sources */,
				F7D38E522AF0BBA200FA1E98 /* SceneDelegate.swift in Sources */,
			);
			runOnlyForDeploymentPostprocessing = 0;
		};
/* End PBXSourcesBuildPhase section */

/* Begin PBXVariantGroup section */
		F7D38E5A2AF0BBA300FA1E98 /* LaunchScreen.storyboard */ = {
			isa = PBXVariantGroup;
			children = (
				F7D38E5B2AF0BBA300FA1E98 /* Base */,
			);
			name = LaunchScreen.storyboard;
			sourceTree = "<group>";
		};
/* End PBXVariantGroup section */

/* Begin XCBuildConfiguration section */
		F7D38E5E2AF0BBA300FA1E98 /* Debug */ = {
			isa = XCBuildConfiguration;
			buildSettings = {
				ALWAYS_SEARCH_USER_PATHS = NO;
				CLANG_ANALYZER_NONNULL = YES;
				CLANG_ANALYZER_NUMBER_OBJECT_CONVERSION = YES_AGGRESSIVE;
				CLANG_CXX_LANGUAGE_STANDARD = "gnu++20";
				CLANG_ENABLE_MODULES = YES;
				CLANG_ENABLE_OBJC_ARC = YES;
				CLANG_ENABLE_OBJC_WEAK = YES;
				CLANG_WARN_BLOCK_CAPTURE_AUTORELEASING = YES;
				CLANG_WARN_BOOL_CONVERSION = YES;
				CLANG_WARN_COMMA = YES;
				CLANG_WARN_CONSTANT_CONVERSION = YES;
				CLANG_WARN_DEPRECATED_OBJC_IMPLEMENTATIONS = YES;
				CLANG_WARN_DIRECT_OBJC_ISA_USAGE = YES_ERROR;
				CLANG_WARN_DOCUMENTATION_COMMENTS = YES;
				CLANG_WARN_EMPTY_BODY = YES;
				CLANG_WARN_ENUM_CONVERSION = YES;
				CLANG_WARN_INFINITE_RECURSION = YES;
				CLANG_WARN_INT_CONVERSION = YES;
				CLANG_WARN_NON_LITERAL_NULL_CONVERSION = YES;
				CLANG_WARN_OBJC_IMPLICIT_RETAIN_SELF = YES;
				CLANG_WARN_OBJC_LITERAL_CONVERSION = YES;
				CLANG_WARN_OBJC_ROOT_CLASS = YES_ERROR;
				CLANG_WARN_QUOTED_INCLUDE_IN_FRAMEWORK_HEADER = YES;
				CLANG_WARN_RANGE_LOOP_ANALYSIS = YES;
				CLANG_WARN_STRICT_PROTOTYPES = YES;
				CLANG_WARN_SUSPICIOUS_MOVE = YES;
				CLANG_WARN_UNGUARDED_AVAILABILITY = YES_AGGRESSIVE;
				CLANG_WARN_UNREACHABLE_CODE = YES;
				CLANG_WARN__DUPLICATE_METHOD_MATCH = YES;
				COPY_PHASE_STRIP = NO;
				DEBUG_INFORMATION_FORMAT = dwarf;
				ENABLE_STRICT_OBJC_MSGSEND = YES;
				ENABLE_TESTABILITY = YES;
				GCC_C_LANGUAGE_STANDARD = gnu11;
				GCC_DYNAMIC_NO_PIC = NO;
				GCC_NO_COMMON_BLOCKS = YES;
				GCC_OPTIMIZATION_LEVEL = 0;
				GCC_PREPROCESSOR_DEFINITIONS = (
					"DEBUG=1",
					"$(inherited)",
				);
				GCC_WARN_64_TO_32_BIT_CONVERSION = YES;
				GCC_WARN_ABOUT_RETURN_TYPE = YES_ERROR;
				GCC_WARN_UNDECLARED_SELECTOR = YES;
				GCC_WARN_UNINITIALIZED_AUTOS = YES_AGGRESSIVE;
				GCC_WARN_UNUSED_FUNCTION = YES;
				GCC_WARN_UNUSED_VARIABLE = YES;
				IPHONEOS_DEPLOYMENT_TARGET = 16.1;
				MTL_ENABLE_DEBUG_INFO = INCLUDE_SOURCE;
				MTL_FAST_MATH = YES;
				ONLY_ACTIVE_ARCH = YES;
				SDKROOT = iphoneos;
				SWIFT_ACTIVE_COMPILATION_CONDITIONS = DEBUG;
				SWIFT_OPTIMIZATION_LEVEL = "-Onone";
			};
			name = Debug;
		};
		F7D38E5F2AF0BBA300FA1E98 /* Release */ = {
			isa = XCBuildConfiguration;
			buildSettings = {
				ALWAYS_SEARCH_USER_PATHS = NO;
				CLANG_ANALYZER_NONNULL = YES;
				CLANG_ANALYZER_NUMBER_OBJECT_CONVERSION = YES_AGGRESSIVE;
				CLANG_CXX_LANGUAGE_STANDARD = "gnu++20";
				CLANG_ENABLE_MODULES = YES;
				CLANG_ENABLE_OBJC_ARC = YES;
				CLANG_ENABLE_OBJC_WEAK = YES;
				CLANG_WARN_BLOCK_CAPTURE_AUTORELEASING = YES;
				CLANG_WARN_BOOL_CONVERSION = YES;
				CLANG_WARN_COMMA = YES;
				CLANG_WARN_CONSTANT_CONVERSION = YES;
				CLANG_WARN_DEPRECATED_OBJC_IMPLEMENTATIONS = YES;
				CLANG_WARN_DIRECT_OBJC_ISA_USAGE = YES_ERROR;
				CLANG_WARN_DOCUMENTATION_COMMENTS = YES;
				CLANG_WARN_EMPTY_BODY = YES;
				CLANG_WARN_ENUM_CONVERSION = YES;
				CLANG_WARN_INFINITE_RECURSION = YES;
				CLANG_WARN_INT_CONVERSION = YES;
				CLANG_WARN_NON_LITERAL_NULL_CONVERSION = YES;
				CLANG_WARN_OBJC_IMPLICIT_RETAIN_SELF = YES;
				CLANG_WARN_OBJC_LITERAL_CONVERSION = YES;
				CLANG_WARN_OBJC_ROOT_CLASS = YES_ERROR;
				CLANG_WARN_QUOTED_INCLUDE_IN_FRAMEWORK_HEADER = YES;
				CLANG_WARN_RANGE_LOOP_ANALYSIS = YES;
				CLANG_WARN_STRICT_PROTOTYPES = YES;
				CLANG_WARN_SUSPICIOUS_MOVE = YES;
				CLANG_WARN_UNGUARDED_AVAILABILITY = YES_AGGRESSIVE;
				CLANG_WARN_UNREACHABLE_CODE = YES;
				CLANG_WARN__DUPLICATE_METHOD_MATCH = YES;
				COPY_PHASE_STRIP = NO;
				DEBUG_INFORMATION_FORMAT = "dwarf-with-dsym";
				ENABLE_NS_ASSERTIONS = NO;
				ENABLE_STRICT_OBJC_MSGSEND = YES;
				GCC_C_LANGUAGE_STANDARD = gnu11;
				GCC_NO_COMMON_BLOCKS = YES;
				GCC_WARN_64_TO_32_BIT_CONVERSION = YES;
				GCC_WARN_ABOUT_RETURN_TYPE = YES_ERROR;
				GCC_WARN_UNDECLARED_SELECTOR = YES;
				GCC_WARN_UNINITIALIZED_AUTOS = YES_AGGRESSIVE;
				GCC_WARN_UNUSED_FUNCTION = YES;
				GCC_WARN_UNUSED_VARIABLE = YES;
				IPHONEOS_DEPLOYMENT_TARGET = 16.1;
				MTL_ENABLE_DEBUG_INFO = NO;
				MTL_FAST_MATH = YES;
				SDKROOT = iphoneos;
				SWIFT_COMPILATION_MODE = wholemodule;
				SWIFT_OPTIMIZATION_LEVEL = "-O";
				VALIDATE_PRODUCT = YES;
			};
			name = Release;
		};
		F7D38E612AF0BBA300FA1E98 /* Debug */ = {
			isa = XCBuildConfiguration;
			buildSettings = {
				ASSETCATALOG_COMPILER_APPICON_NAME = AppIcon;
				ASSETCATALOG_COMPILER_GLOBAL_ACCENT_COLOR_NAME = AccentColor;
				CODE_SIGN_STYLE = Automatic;
				CURRENT_PROJECT_VERSION = 1;
				DEVELOPMENT_TEAM = TP8LF837KP;
				GENERATE_INFOPLIST_FILE = YES;
				INFOPLIST_FILE = NEWSApp/Info.plist;
				INFOPLIST_KEY_UIApplicationSupportsIndirectInputEvents = YES;
				INFOPLIST_KEY_UILaunchStoryboardName = LaunchScreen;
				INFOPLIST_KEY_UISupportedInterfaceOrientations_iPad = "UIInterfaceOrientationPortrait UIInterfaceOrientationPortraitUpsideDown UIInterfaceOrientationLandscapeLeft UIInterfaceOrientationLandscapeRight";
				INFOPLIST_KEY_UISupportedInterfaceOrientations_iPhone = "UIInterfaceOrientationPortrait UIInterfaceOrientationLandscapeLeft UIInterfaceOrientationLandscapeRight";
				LD_RUNPATH_SEARCH_PATHS = (
					"$(inherited)",
					"@executable_path/Frameworks",
				);
				MARKETING_VERSION = 1.0;
				PRODUCT_BUNDLE_IDENTIFIER = com.future.NEWSApp;
				PRODUCT_NAME = "$(TARGET_NAME)";
				SWIFT_EMIT_LOC_STRINGS = YES;
				SWIFT_VERSION = 5.0;
				TARGETED_DEVICE_FAMILY = "1,2";
			};
			name = Debug;
		};
		F7D38E622AF0BBA300FA1E98 /* Release */ = {
			isa = XCBuildConfiguration;
			buildSettings = {
				ASSETCATALOG_COMPILER_APPICON_NAME = AppIcon;
				ASSETCATALOG_COMPILER_GLOBAL_ACCENT_COLOR_NAME = AccentColor;
				CODE_SIGN_STYLE = Automatic;
				CURRENT_PROJECT_VERSION = 1;
				DEVELOPMENT_TEAM = TP8LF837KP;
				GENERATE_INFOPLIST_FILE = YES;
				INFOPLIST_FILE = NEWSApp/Info.plist;
				INFOPLIST_KEY_UIApplicationSupportsIndirectInputEvents = YES;
				INFOPLIST_KEY_UILaunchStoryboardName = LaunchScreen;
				INFOPLIST_KEY_UISupportedInterfaceOrientations_iPad = "UIInterfaceOrientationPortrait UIInterfaceOrientationPortraitUpsideDown UIInterfaceOrientationLandscapeLeft UIInterfaceOrientationLandscapeRight";
				INFOPLIST_KEY_UISupportedInterfaceOrientations_iPhone = "UIInterfaceOrientationPortrait UIInterfaceOrientationLandscapeLeft UIInterfaceOrientationLandscapeRight";
				LD_RUNPATH_SEARCH_PATHS = (
					"$(inherited)",
					"@executable_path/Frameworks",
				);
				MARKETING_VERSION = 1.0;
				PRODUCT_BUNDLE_IDENTIFIER = com.future.NEWSApp;
				PRODUCT_NAME = "$(TARGET_NAME)";
				SWIFT_EMIT_LOC_STRINGS = YES;
				SWIFT_VERSION = 5.0;
				TARGETED_DEVICE_FAMILY = "1,2";
			};
			name = Release;
		};
/* End XCBuildConfiguration section */

/* Begin XCConfigurationList section */
		F7D38E472AF0BBA200FA1E98 /* Build configuration list for PBXProject "NEWSApp" */ = {
			isa = XCConfigurationList;
			buildConfigurations = (
				F7D38E5E2AF0BBA300FA1E98 /* Debug */,
				F7D38E5F2AF0BBA300FA1E98 /* Release */,
			);
			defaultConfigurationIsVisible = 0;
			defaultConfigurationName = Release;
		};
		F7D38E602AF0BBA300FA1E98 /* Build configuration list for PBXNativeTarget "NEWSApp" */ = {
			isa = XCConfigurationList;
			buildConfigurations = (
				F7D38E612AF0BBA300FA1E98 /* Debug */,
				F7D38E622AF0BBA300FA1E98 /* Release */,
			);
			defaultConfigurationIsVisible = 0;
			defaultConfigurationName = Release;
		};
/* End XCConfigurationList section */

/* Begin XCRemoteSwiftPackageReference section */
		F752C9832AF21C4E00C74689 /* XCRemoteSwiftPackageReference "RxSwift" */ = {
			isa = XCRemoteSwiftPackageReference;
			repositoryURL = "https://github.com/ReactiveX/RxSwift.git";
			requirement = {
				branch = main;
				kind = branch;
			};
		};
		F752C98A2AF21D0B00C74689 /* XCRemoteSwiftPackageReference "RxDataSources" */ = {
			isa = XCRemoteSwiftPackageReference;
			repositoryURL = "https://github.com/RxSwiftCommunity/RxDataSources.git";
			requirement = {
				kind = upToNextMajorVersion;
				minimumVersion = 5.0.0;
			};
		};
		F7F981A72AF3149F00B32878 /* XCRemoteSwiftPackageReference "SDWebImage" */ = {
			isa = XCRemoteSwiftPackageReference;
			repositoryURL = "https://github.com/SDWebImage/SDWebImage.git";
			requirement = {
				branch = master;
				kind = branch;
			};
		};
/* End XCRemoteSwiftPackageReference section */

/* Begin XCSwiftPackageProductDependency section */
		F752C9842AF21C4E00C74689 /* RxCocoa */ = {
			isa = XCSwiftPackageProductDependency;
			package = F752C9832AF21C4E00C74689 /* XCRemoteSwiftPackageReference "RxSwift" */;
			productName = RxCocoa;
		};
		F752C9862AF21C4E00C74689 /* RxRelay */ = {
			isa = XCSwiftPackageProductDependency;
			package = F752C9832AF21C4E00C74689 /* XCRemoteSwiftPackageReference "RxSwift" */;
			productName = RxRelay;
		};
		F752C9882AF21C4E00C74689 /* RxSwift */ = {
			isa = XCSwiftPackageProductDependency;
			package = F752C9832AF21C4E00C74689 /* XCRemoteSwiftPackageReference "RxSwift" */;
			productName = RxSwift;
		};
		F752C98B2AF21D0B00C74689 /* RxDataSources */ = {
			isa = XCSwiftPackageProductDependency;
			package = F752C98A2AF21D0B00C74689 /* XCRemoteSwiftPackageReference "RxDataSources" */;
			productName = RxDataSources;
		};
		F7F981A82AF3149F00B32878 /* SDWebImage */ = {
			isa = XCSwiftPackageProductDependency;
			package = F7F981A72AF3149F00B32878 /* XCRemoteSwiftPackageReference "SDWebImage" */;
			productName = SDWebImage;
		};
/* End XCSwiftPackageProductDependency section */
	};
	rootObject = F7D38E442AF0BBA200FA1E98 /* Project object */;
}
